// !$*UTF8*$!
{
	archiveVersion = 1;
	classes = {
	};
	objectVersion = 46;
	objects = {

/* Begin PBXBuildFile section */
		2B8FD0611ABD596300265318 /* AppDelegate.swift in Sources */ = {isa = PBXBuildFile; fileRef = 2B8FD0601ABD596300265318 /* AppDelegate.swift */; };
		2B8FD0631ABD596300265318 /* TodayViewController.swift in Sources */ = {isa = PBXBuildFile; fileRef = 2B8FD0621ABD596300265318 /* TodayViewController.swift */; };
		2B8FD0681ABD596300265318 /* Main.storyboard in Resources */ = {isa = PBXBuildFile; fileRef = 2B8FD0661ABD596300265318 /* Main.storyboard */; };
		2B8FD06A1ABD596300265318 /* Images.xcassets in Resources */ = {isa = PBXBuildFile; fileRef = 2B8FD0691ABD596300265318 /* Images.xcassets */; };
		2B8FD06D1ABD596300265318 /* LaunchScreen.xib in Resources */ = {isa = PBXBuildFile; fileRef = 2B8FD06B1ABD596300265318 /* LaunchScreen.xib */; };
		2B8FD0791ABD596300265318 /* WeatherTests.swift in Sources */ = {isa = PBXBuildFile; fileRef = 2B8FD0781ABD596300265318 /* WeatherTests.swift */; };
		2B9EC6681ABDD1570008F7FE /* ProximaNova-Bold.otf in Resources */ = {isa = PBXBuildFile; fileRef = 2B9EC6641ABDD1570008F7FE /* ProximaNova-Bold.otf */; };
		2B9EC6691ABDD1570008F7FE /* ProximaNova-Light.otf in Resources */ = {isa = PBXBuildFile; fileRef = 2B9EC6651ABDD1570008F7FE /* ProximaNova-Light.otf */; };
		2B9EC66A1ABDD1570008F7FE /* ProximaNova-Regular.otf in Resources */ = {isa = PBXBuildFile; fileRef = 2B9EC6661ABDD1570008F7FE /* ProximaNova-Regular.otf */; };
		2B9EC66B1ABDD1570008F7FE /* ProximaNova-Semibold.otf in Resources */ = {isa = PBXBuildFile; fileRef = 2B9EC6671ABDD1570008F7FE /* ProximaNova-Semibold.otf */; };
		2BA78FA61ABD8367005E14A8 /* ForecastTableViewController.swift in Sources */ = {isa = PBXBuildFile; fileRef = 2BA78FA51ABD8367005E14A8 /* ForecastTableViewController.swift */; };
		2BAE24801ABD8CA20080E0B3 /* LocationTableViewController.swift in Sources */ = {isa = PBXBuildFile; fileRef = 2BAE247F1ABD8CA20080E0B3 /* LocationTableViewController.swift */; };
		2BAE24821ABD8CBC0080E0B3 /* SettingsTableViewController.swift in Sources */ = {isa = PBXBuildFile; fileRef = 2BAE24811ABD8CBC0080E0B3 /* SettingsTableViewController.swift */; };
/* End PBXBuildFile section */

/* Begin PBXContainerItemProxy section */
		2B8FD0731ABD596300265318 /* PBXContainerItemProxy */ = {
			isa = PBXContainerItemProxy;
			containerPortal = 2B8FD0531ABD596300265318 /* Project object */;
			proxyType = 1;
			remoteGlobalIDString = 2B8FD05A1ABD596300265318;
			remoteInfo = Weather;
		};
/* End PBXContainerItemProxy section */

/* Begin PBXFileReference section */
		2B8FD05B1ABD596300265318 /* Weather.app */ = {isa = PBXFileReference; explicitFileType = wrapper.application; includeInIndex = 0; path = Weather.app; sourceTree = BUILT_PRODUCTS_DIR; };
		2B8FD05F1ABD596300265318 /* Info.plist */ = {isa = PBXFileReference; lastKnownFileType = text.plist.xml; path = Info.plist; sourceTree = "<group>"; };
		2B8FD0601ABD596300265318 /* AppDelegate.swift */ = {isa = PBXFileReference; lastKnownFileType = sourcecode.swift; path = AppDelegate.swift; sourceTree = "<group>"; };
		2B8FD0621ABD596300265318 /* TodayViewController.swift */ = {isa = PBXFileReference; lastKnownFileType = sourcecode.swift; path = TodayViewController.swift; sourceTree = "<group>"; };
		2B8FD0671ABD596300265318 /* Base */ = {isa = PBXFileReference; lastKnownFileType = file.storyboard; name = Base; path = Base.lproj/Main.storyboard; sourceTree = "<group>"; };
		2B8FD0691ABD596300265318 /* Images.xcassets */ = {isa = PBXFileReference; lastKnownFileType = folder.assetcatalog; path = Images.xcassets; sourceTree = "<group>"; };
		2B8FD06C1ABD596300265318 /* Base */ = {isa = PBXFileReference; lastKnownFileType = file.xib; name = Base; path = Base.lproj/LaunchScreen.xib; sourceTree = "<group>"; };
		2B8FD0721ABD596300265318 /* WeatherTests.xctest */ = {isa = PBXFileReference; explicitFileType = wrapper.cfbundle; includeInIndex = 0; path = WeatherTests.xctest; sourceTree = BUILT_PRODUCTS_DIR; };
		2B8FD0771ABD596300265318 /* Info.plist */ = {isa = PBXFileReference; lastKnownFileType = text.plist.xml; path = Info.plist; sourceTree = "<group>"; };
		2B8FD0781ABD596300265318 /* WeatherTests.swift */ = {isa = PBXFileReference; lastKnownFileType = sourcecode.swift; path = WeatherTests.swift; sourceTree = "<group>"; };
		2B9EC6641ABDD1570008F7FE /* ProximaNova-Bold.otf */ = {isa = PBXFileReference; lastKnownFileType = file; path = "ProximaNova-Bold.otf"; sourceTree = "<group>"; };
		2B9EC6651ABDD1570008F7FE /* ProximaNova-Light.otf */ = {isa = PBXFileReference; lastKnownFileType = file; path = "ProximaNova-Light.otf"; sourceTree = "<group>"; };
		2B9EC6661ABDD1570008F7FE /* ProximaNova-Regular.otf */ = {isa = PBXFileReference; lastKnownFileType = file; path = "ProximaNova-Regular.otf"; sourceTree = "<group>"; };
		2B9EC6671ABDD1570008F7FE /* ProximaNova-Semibold.otf */ = {isa = PBXFileReference; lastKnownFileType = file; path = "ProximaNova-Semibold.otf"; sourceTree = "<group>"; };
		2BA78FA51ABD8367005E14A8 /* ForecastTableViewController.swift */ = {isa = PBXFileReference; fileEncoding = 4; lastKnownFileType = sourcecode.swift; path = ForecastTableViewController.swift; sourceTree = "<group>"; };
		2BAE247F1ABD8CA20080E0B3 /* LocationTableViewController.swift */ = {isa = PBXFileReference; fileEncoding = 4; lastKnownFileType = sourcecode.swift; path = LocationTableViewController.swift; sourceTree = "<group>"; };
		2BAE24811ABD8CBC0080E0B3 /* SettingsTableViewController.swift */ = {isa = PBXFileReference; fileEncoding = 4; lastKnownFileType = sourcecode.swift; path = SettingsTableViewController.swift; sourceTree = "<group>"; };
/* End PBXFileReference section */

/* Begin PBXFrameworksBuildPhase section */
		2B8FD0581ABD596300265318 /* Frameworks */ = {
			isa = PBXFrameworksBuildPhase;
			buildActionMask = 2147483647;
			files = (
			);
			runOnlyForDeploymentPostprocessing = 0;
		};
		2B8FD06F1ABD596300265318 /* Frameworks */ = {
			isa = PBXFrameworksBuildPhase;
			buildActionMask = 2147483647;
			files = (
			);
			runOnlyForDeploymentPostprocessing = 0;
		};
/* End PBXFrameworksBuildPhase section */

/* Begin PBXGroup section */
		2B8FD0521ABD596300265318 = {
			isa = PBXGroup;
			children = (
				2B8FD05D1ABD596300265318 /* Weather */,
				2B8FD0751ABD596300265318 /* WeatherTests */,
				2B8FD05C1ABD596300265318 /* Products */,
			);
			sourceTree = "<group>";
		};
		2B8FD05C1ABD596300265318 /* Products */ = {
			isa = PBXGroup;
			children = (
				2B8FD05B1ABD596300265318 /* Weather.app */,
				2B8FD0721ABD596300265318 /* WeatherTests.xctest */,
			);
			name = Products;
			sourceTree = "<group>";
		};
		2B8FD05D1ABD596300265318 /* Weather */ = {
			isa = PBXGroup;
			children = (
				2BA78FA11ABD77CA005E14A8 /* Resources */,
				2BA78F9F1ABD77AE005E14A8 /* Source */,
				2B8FD05E1ABD596300265318 /* Supporting Files */,
			);
			path = Weather;
			sourceTree = "<group>";
		};
		2B8FD05E1ABD596300265318 /* Supporting Files */ = {
			isa = PBXGroup;
			children = (
				2B8FD05F1ABD596300265318 /* Info.plist */,
			);
			name = "Supporting Files";
			sourceTree = "<group>";
		};
		2B8FD0751ABD596300265318 /* WeatherTests */ = {
			isa = PBXGroup;
			children = (
				2B8FD0781ABD596300265318 /* WeatherTests.swift */,
				2B8FD0761ABD596300265318 /* Supporting Files */,
			);
			path = WeatherTests;
			sourceTree = "<group>";
		};
		2B8FD0761ABD596300265318 /* Supporting Files */ = {
			isa = PBXGroup;
			children = (
				2B8FD0771ABD596300265318 /* Info.plist */,
			);
			name = "Supporting Files";
			sourceTree = "<group>";
		};
		2B9EC6621ABDD1430008F7FE /* Fonts */ = {
			isa = PBXGroup;
			children = (
				2B9EC6631ABDD1570008F7FE /* ProximaNova */,
			);
			name = Fonts;
			sourceTree = "<group>";
		};
		2B9EC6631ABDD1570008F7FE /* ProximaNova */ = {
			isa = PBXGroup;
			children = (
				2B9EC6641ABDD1570008F7FE /* ProximaNova-Bold.otf */,
				2B9EC6651ABDD1570008F7FE /* ProximaNova-Light.otf */,
				2B9EC6661ABDD1570008F7FE /* ProximaNova-Regular.otf */,
				2B9EC6671ABDD1570008F7FE /* ProximaNova-Semibold.otf */,
			);
			path = ProximaNova;
			sourceTree = "<group>";
		};
		2BA78F9F1ABD77AE005E14A8 /* Source */ = {
			isa = PBXGroup;
			children = (
				2B8FD0601ABD596300265318 /* AppDelegate.swift */,
				2BA78FA21ABD7F08005E14A8 /* Controllers */,
				2BA78FA31ABD7F17005E14A8 /* Models */,
				2BA78FA41ABD7F26005E14A8 /* Views */,
			);
			name = Source;
			sourceTree = "<group>";
		};
		2BA78FA11ABD77CA005E14A8 /* Resources */ = {
			isa = PBXGroup;
			children = (
				2B9EC6621ABDD1430008F7FE /* Fonts */,
				2B8FD0691ABD596300265318 /* Images.xcassets */,
				2B8FD06B1ABD596300265318 /* LaunchScreen.xib */,
				2B8FD0661ABD596300265318 /* Main.storyboard */,
			);
			name = Resources;
			sourceTree = "<group>";
		};
		2BA78FA21ABD7F08005E14A8 /* Controllers */ = {
			isa = PBXGroup;
			children = (
				2BA78FA51ABD8367005E14A8 /* ForecastTableViewController.swift */,
				2BAE247F1ABD8CA20080E0B3 /* LocationTableViewController.swift */,
				2BAE24811ABD8CBC0080E0B3 /* SettingsTableViewController.swift */,
				2B8FD0621ABD596300265318 /* TodayViewController.swift */,
			);
			name = Controllers;
			sourceTree = "<group>";
		};
		2BA78FA31ABD7F17005E14A8 /* Models */ = {
			isa = PBXGroup;
			children = (
			);
			name = Models;
			sourceTree = "<group>";
		};
		2BA78FA41ABD7F26005E14A8 /* Views */ = {
			isa = PBXGroup;
			children = (
			);
			name = Views;
			sourceTree = "<group>";
		};
/* End PBXGroup section */

/* Begin PBXNativeTarget section */
		2B8FD05A1ABD596300265318 /* Weather */ = {
			isa = PBXNativeTarget;
			buildConfigurationList = 2B8FD07C1ABD596300265318 /* Build configuration list for PBXNativeTarget "Weather" */;
			buildPhases = (
				2B8FD0571ABD596300265318 /* Sources */,
				2B8FD0581ABD596300265318 /* Frameworks */,
				2B8FD0591ABD596300265318 /* Resources */,
			);
			buildRules = (
			);
			dependencies = (
			);
			name = Weather;
			productName = Weather;
			productReference = 2B8FD05B1ABD596300265318 /* Weather.app */;
			productType = "com.apple.product-type.application";
		};
		2B8FD0711ABD596300265318 /* WeatherTests */ = {
			isa = PBXNativeTarget;
			buildConfigurationList = 2B8FD07F1ABD596300265318 /* Build configuration list for PBXNativeTarget "WeatherTests" */;
			buildPhases = (
				2B8FD06E1ABD596300265318 /* Sources */,
				2B8FD06F1ABD596300265318 /* Frameworks */,
				2B8FD0701ABD596300265318 /* Resources */,
			);
			buildRules = (
			);
			dependencies = (
				2B8FD0741ABD596300265318 /* PBXTargetDependency */,
			);
			name = WeatherTests;
			productName = WeatherTests;
			productReference = 2B8FD0721ABD596300265318 /* WeatherTests.xctest */;
			productType = "com.apple.product-type.bundle.unit-test";
		};
/* End PBXNativeTarget section */

/* Begin PBXProject section */
		2B8FD0531ABD596300265318 /* Project object */ = {
			isa = PBXProject;
			attributes = {
				LastUpgradeCheck = 0620;
				ORGANIZATIONNAME = "Ondrej Stocek";
				TargetAttributes = {
					2B8FD05A1ABD596300265318 = {
						CreatedOnToolsVersion = 6.2;
					};
					2B8FD0711ABD596300265318 = {
						CreatedOnToolsVersion = 6.2;
						TestTargetID = 2B8FD05A1ABD596300265318;
					};
				};
			};
			buildConfigurationList = 2B8FD0561ABD596300265318 /* Build configuration list for PBXProject "Weather" */;
			compatibilityVersion = "Xcode 3.2";
			developmentRegion = English;
			hasScannedForEncodings = 0;
			knownRegions = (
				en,
				Base,
			);
			mainGroup = 2B8FD0521ABD596300265318;
			productRefGroup = 2B8FD05C1ABD596300265318 /* Products */;
			projectDirPath = "";
			projectRoot = "";
			targets = (
				2B8FD05A1ABD596300265318 /* Weather */,
				2B8FD0711ABD596300265318 /* WeatherTests */,
			);
		};
/* End PBXProject section */

/* Begin PBXResourcesBuildPhase section */
		2B8FD0591ABD596300265318 /* Resources */ = {
			isa = PBXResourcesBuildPhase;
			buildActionMask = 2147483647;
			files = (
				2B9EC6691ABDD1570008F7FE /* ProximaNova-Light.otf in Resources */,
				2B8FD0681ABD596300265318 /* Main.storyboard in Resources */,
				2B9EC6681ABDD1570008F7FE /* ProximaNova-Bold.otf in Resources */,
				2B8FD06D1ABD596300265318 /* LaunchScreen.xib in Resources */,
				2B8FD06A1ABD596300265318 /* Images.xcassets in Resources */,
				2B9EC66A1ABDD1570008F7FE /* ProximaNova-Regular.otf in Resources */,
				2B9EC66B1ABDD1570008F7FE /* ProximaNova-Semibold.otf in Resources */,
			);
			runOnlyForDeploymentPostprocessing = 0;
		};
		2B8FD0701ABD596300265318 /* Resources */ = {
			isa = PBXResourcesBuildPhase;
			buildActionMask = 2147483647;
			files = (
			);
			runOnlyForDeploymentPostprocessing = 0;
		};
/* End PBXResourcesBuildPhase section */

/* Begin PBXSourcesBuildPhase section */
		2B8FD0571ABD596300265318 /* Sources */ = {
			isa = PBXSourcesBuildPhase;
			buildActionMask = 2147483647;
			files = (
				2B8FD0611ABD596300265318 /* AppDelegate.swift in Sources */,
				2BAE24821ABD8CBC0080E0B3 /* SettingsTableViewController.swift in Sources */,
				2BA78FA61ABD8367005E14A8 /* ForecastTableViewController.swift in Sources */,
				2BAE24801ABD8CA20080E0B3 /* LocationTableViewController.swift in Sources */,
				2B8FD0631ABD596300265318 /* TodayViewController.swift in Sources */,
			);
			runOnlyForDeploymentPostprocessing = 0;
		};
		2B8FD06E1ABD596300265318 /* Sources */ = {
			isa = PBXSourcesBuildPhase;
			buildActionMask = 2147483647;
			files = (
				2B8FD0791ABD596300265318 /* WeatherTests.swift in Sources */,
			);
			runOnlyForDeploymentPostprocessing = 0;
		};
/* End PBXSourcesBuildPhase section */

/* Begin PBXTargetDependency section */
		2B8FD0741ABD596300265318 /* PBXTargetDependency */ = {
			isa = PBXTargetDependency;
			target = 2B8FD05A1ABD596300265318 /* Weather */;
			targetProxy = 2B8FD0731ABD596300265318 /* PBXContainerItemProxy */;
		};
/* End PBXTargetDependency section */

/* Begin PBXVariantGroup section */
		2B8FD0661ABD596300265318 /* Main.storyboard */ = {
			isa = PBXVariantGroup;
			children = (
				2B8FD0671ABD596300265318 /* Base */,
			);
			name = Main.storyboard;
			sourceTree = "<group>";
		};
		2B8FD06B1ABD596300265318 /* LaunchScreen.xib */ = {
			isa = PBXVariantGroup;
			children = (
				2B8FD06C1ABD596300265318 /* Base */,
			);
			name = LaunchScreen.xib;
			sourceTree = "<group>";
		};
/* End PBXVariantGroup section */

/* Begin XCBuildConfiguration section */
		2B8FD07A1ABD596300265318 /* Debug */ = {
			isa = XCBuildConfiguration;
			buildSettings = {
				ALWAYS_SEARCH_USER_PATHS = NO;
				CLANG_CXX_LANGUAGE_STANDARD = "gnu++0x";
				CLANG_CXX_LIBRARY = "libc++";
				CLANG_ENABLE_MODULES = YES;
				CLANG_ENABLE_OBJC_ARC = YES;
				CLANG_WARN_BOOL_CONVERSION = YES;
				CLANG_WARN_CONSTANT_CONVERSION = YES;
				CLANG_WARN_DIRECT_OBJC_ISA_USAGE = YES_ERROR;
				CLANG_WARN_EMPTY_BODY = YES;
				CLANG_WARN_ENUM_CONVERSION = YES;
				CLANG_WARN_INT_CONVERSION = YES;
				CLANG_WARN_OBJC_ROOT_CLASS = YES_ERROR;
				CLANG_WARN_UNREACHABLE_CODE = YES;
				CLANG_WARN__DUPLICATE_METHOD_MATCH = YES;
				"CODE_SIGN_IDENTITY[sdk=iphoneos*]" = "iPhone Developer";
				COPY_PHASE_STRIP = NO;
				ENABLE_STRICT_OBJC_MSGSEND = YES;
				GCC_C_LANGUAGE_STANDARD = gnu99;
				GCC_DYNAMIC_NO_PIC = NO;
				GCC_OPTIMIZATION_LEVEL = 0;
				GCC_PREPROCESSOR_DEFINITIONS = (
					"DEBUG=1",
					"$(inherited)",
				);
				GCC_SYMBOLS_PRIVATE_EXTERN = NO;
				GCC_WARN_64_TO_32_BIT_CONVERSION = YES;
				GCC_WARN_ABOUT_RETURN_TYPE = YES_ERROR;
				GCC_WARN_UNDECLARED_SELECTOR = YES;
				GCC_WARN_UNINITIALIZED_AUTOS = YES_AGGRESSIVE;
				GCC_WARN_UNUSED_FUNCTION = YES;
				GCC_WARN_UNUSED_VARIABLE = YES;
				IPHONEOS_DEPLOYMENT_TARGET = 8.2;
				MTL_ENABLE_DEBUG_INFO = YES;
				ONLY_ACTIVE_ARCH = YES;
				SDKROOT = iphoneos;
				SWIFT_OPTIMIZATION_LEVEL = "-Onone";
			};
			name = Debug;
		};
		2B8FD07B1ABD596300265318 /* Release */ = {
			isa = XCBuildConfiguration;
			buildSettings = {
				ALWAYS_SEARCH_USER_PATHS = NO;
				CLANG_CXX_LANGUAGE_STANDARD = "gnu++0x";
				CLANG_CXX_LIBRARY = "libc++";
				CLANG_ENABLE_MODULES = YES;
				CLANG_ENABLE_OBJC_ARC = YES;
				CLANG_WARN_BOOL_CONVERSION = YES;
				CLANG_WARN_CONSTANT_CONVERSION = YES;
				CLANG_WARN_DIRECT_OBJC_ISA_USAGE = YES_ERROR;
				CLANG_WARN_EMPTY_BODY = YES;
				CLANG_WARN_ENUM_CONVERSION = YES;
				CLANG_WARN_INT_CONVERSION = YES;
				CLANG_WARN_OBJC_ROOT_CLASS = YES_ERROR;
				CLANG_WARN_UNREACHABLE_CODE = YES;
				CLANG_WARN__DUPLICATE_METHOD_MATCH = YES;
				"CODE_SIGN_IDENTITY[sdk=iphoneos*]" = "iPhone Developer";
				COPY_PHASE_STRIP = NO;
				ENABLE_NS_ASSERTIONS = NO;
				ENABLE_STRICT_OBJC_MSGSEND = YES;
				GCC_C_LANGUAGE_STANDARD = gnu99;
				GCC_WARN_64_TO_32_BIT_CONVERSION = YES;
				GCC_WARN_ABOUT_RETURN_TYPE = YES_ERROR;
				GCC_WARN_UNDECLARED_SELECTOR = YES;
				GCC_WARN_UNINITIALIZED_AUTOS = YES_AGGRESSIVE;
				GCC_WARN_UNUSED_FUNCTION = YES;
				GCC_WARN_UNUSED_VARIABLE = YES;
				IPHONEOS_DEPLOYMENT_TARGET = 8.2;
				MTL_ENABLE_DEBUG_INFO = NO;
				SDKROOT = iphoneos;
				VALIDATE_PRODUCT = YES;
			};
			name = Release;
		};
		2B8FD07D1ABD596300265318 /* Debug */ = {
			isa = XCBuildConfiguration;
			buildSettings = {
				ASSETCATALOG_COMPILER_APPICON_NAME = AppIcon;
				ASSETCATALOG_COMPILER_LAUNCHIMAGE_NAME = LaunchImage;
				INFOPLIST_FILE = Weather/Info.plist;
				IPHONEOS_DEPLOYMENT_TARGET = 7.1;
				LD_RUNPATH_SEARCH_PATHS = "$(inherited) @executable_path/Frameworks";
				PRODUCT_NAME = "$(TARGET_NAME)";
			};
			name = Debug;
		};
		2B8FD07E1ABD596300265318 /* Release */ = {
			isa = XCBuildConfiguration;
			buildSettings = {
				ASSETCATALOG_COMPILER_APPICON_NAME = AppIcon;
				ASSETCATALOG_COMPILER_LAUNCHIMAGE_NAME = LaunchImage;
				INFOPLIST_FILE = Weather/Info.plist;
				IPHONEOS_DEPLOYMENT_TARGET = 7.1;
				LD_RUNPATH_SEARCH_PATHS = "$(inherited) @executable_path/Frameworks";
				PRODUCT_NAME = "$(TARGET_NAME)";
			};
			name = Release;
		};
		2B8FD0801ABD596300265318 /* Debug */ = {
			isa = XCBuildConfiguration;
			buildSettings = {
				BUNDLE_LOADER = "$(TEST_HOST)";
				FRAMEWORK_SEARCH_PATHS = (
					"$(SDKROOT)/Developer/Library/Frameworks",
					"$(inherited)",
				);
				GCC_PREPROCESSOR_DEFINITIONS = (
					"DEBUG=1",
					"$(inherited)",
				);
				INFOPLIST_FILE = WeatherTests/Info.plist;
				LD_RUNPATH_SEARCH_PATHS = "$(inherited) @executable_path/Frameworks @loader_path/Frameworks";
				PRODUCT_NAME = "$(TARGET_NAME)";
				TEST_HOST = "$(BUILT_PRODUCTS_DIR)/Weather.app/Weather";
			};
			name = Debug;
		};
		2B8FD0811ABD596300265318 /* Release */ = {
			isa = XCBuildConfiguration;
			buildSettings = {
				BUNDLE_LOADER = "$(TEST_HOST)";
				FRAMEWORK_SEARCH_PATHS = (
					"$(SDKROOT)/Developer/Library/Frameworks",
					"$(inherited)",
				);
				INFOPLIST_FILE = WeatherTests/Info.plist;
				LD_RUNPATH_SEARCH_PATHS = "$(inherited) @executable_path/Frameworks @loader_path/Frameworks";
				PRODUCT_NAME = "$(TARGET_NAME)";
				TEST_HOST = "$(BUILT_PRODUCTS_DIR)/Weather.app/Weather";
			};
			name = Release;
		};
/* End XCBuildConfiguration section */

/* Begin XCConfigurationList section */
		2B8FD0561ABD596300265318 /* Build configuration list for PBXProject "Weather" */ = {
			isa = XCConfigurationList;
			buildConfigurations = (
				2B8FD07A1ABD596300265318 /* Debug */,
				2B8FD07B1ABD596300265318 /* Release */,
			);
			defaultConfigurationIsVisible = 0;
			defaultConfigurationName = Release;
		};
		2B8FD07C1ABD596300265318 /* Build configuration list for PBXNativeTarget "Weather" */ = {
			isa = XCConfigurationList;
			buildConfigurations = (
				2B8FD07D1ABD596300265318 /* Debug */,
				2B8FD07E1ABD596300265318 /* Release */,
			);
			defaultConfigurationIsVisible = 0;
			defaultConfigurationName = Release;
		};
		2B8FD07F1ABD596300265318 /* Build configuration list for PBXNativeTarget "WeatherTests" */ = {
			isa = XCConfigurationList;
			buildConfigurations = (
				2B8FD0801ABD596300265318 /* Debug */,
				2B8FD0811ABD596300265318 /* Release */,
			);
			defaultConfigurationIsVisible = 0;
			defaultConfigurationName = Release;
		};
/* End XCConfigurationList section */
	};
	rootObject = 2B8FD0531ABD596300265318 /* Project object */;
}
